
Microsoft Visual Studio Solution File, Format Version 12.00
# Visual Studio 15
VisualStudioVersion = 15.0.27703.2000
MinimumVisualStudioVersion = 10.0.40219.1
Project("{9A19103F-16F7-4668-BE54-9A1E7A4F7556}") = "CR.WorkingDayService", "CR.WorkingDayService\CR.WorkingDayService.csproj", "{92832210-9830-4C9C-A9EA-421F30DF49C3}"
EndProject
Project("{9A19103F-16F7-4668-BE54-9A1E7A4F7556}") = "CR.WorkingDayService.DayOfWeekSource", "CR.WorkingDayService.DayOfWeekSource\CR.WorkingDayService.DayOfWeekSource.csproj", "{F387F85B-2280-4A8F-A70C-8A3E509C8198}"
EndProject
Project("{9A19103F-16F7-4668-BE54-9A1E7A4F7556}") = "CR.WorkingDayService.FileSource", "CR.WorkingDayService.FileSource\CR.WorkingDayService.FileSource.csproj", "{26F9B4D9-4731-449A-BC57-8A9685BE6E79}"
EndProject
Project("{9A19103F-16F7-4668-BE54-9A1E7A4F7556}") = "CR.WorkingDayService.HttpSource", "CR.WorkingDayService.HttpSource\CR.WorkingDayService.HttpSource.csproj", "{5B362541-80B0-48AC-9A2B-862FF04FF29C}"
EndProject
Project("{9A19103F-16F7-4668-BE54-9A1E7A4F7556}") = "CR.WorkingDayService.StringSource", "CR.WorkingDayService.StringSource\CR.WorkingDayService.StringSource.csproj", "{391E1F2A-CF97-4D51-B2B3-A86CCF21D198}"
EndProject
Project("{9A19103F-16F7-4668-BE54-9A1E7A4F7556}") = "CR.WorkingDayService.GovUkJsonSource", "CR.WorkingDayService.GovUkJsonSource\CR.WorkingDayService.GovUkJsonSource.csproj", "{EE1B03AF-A6B4-4957-B682-F97110C3BA29}"
EndProject
Project("{2150E333-8FDC-42A3-9474-1A3956D46DE8}") = "Tests", "Tests", "{55ED7012-C935-4DA8-AA48-0F5F86D05B60}"
EndProject
Project("{FAE04EC0-301F-11D3-BF4B-00C04F79EFBC}") = "CR.WorkingDayService.Tests", "CR.WorkingDayService.Tests\CR.WorkingDayService.Tests.csproj", "{61B36584-3EA2-4E8F-A4AE-DC8FED9CACF2}"
EndProject
Project("{9A19103F-16F7-4668-BE54-9A1E7A4F7556}") = "CR.WorkingDayService.StringSource.Tests", "CR.WorkingDayService.StringSource.Tests\CR.WorkingDayService.StringSource.Tests.csproj", "{837A47BE-FBD7-4202-BD8D-22B1E207AB5B}"
EndProject
Project("{9A19103F-16F7-4668-BE54-9A1E7A4F7556}") = "CR.WorkingDayService.GovUkJsonSource.Tests", "CR.WorkingDayService.GovUkJsonSource.Tests\CR.WorkingDayService.GovUkJsonSource.Tests.csproj", "{BB0976DE-86EA-4786-BA02-B2693B9F979B}"
EndProject
Global
	GlobalSection(SolutionConfigurationPlatforms) = preSolution
		Debug|Any CPU = Debug|Any CPU
		Release|Any CPU = Release|Any CPU
	EndGlobalSection
	GlobalSection(ProjectConfigurationPlatforms) = postSolution
		{92832210-9830-4C9C-A9EA-421F30DF49C3}.Debug|Any CPU.ActiveCfg = Debug|Any CPU
		{92832210-9830-4C9C-A9EA-421F30DF49C3}.Debug|Any CPU.Build.0 = Debug|Any CPU
		{92832210-9830-4C9C-A9EA-421F30DF49C3}.Release|Any CPU.ActiveCfg = Release|Any CPU
		{92832210-9830-4C9C-A9EA-421F30DF49C3}.Release|Any CPU.Build.0 = Release|Any CPU
		{F387F85B-2280-4A8F-A70C-8A3E509C8198}.Debug|Any CPU.ActiveCfg = Debug|Any CPU
		{F387F85B-2280-4A8F-A70C-8A3E509C8198}.Debug|Any CPU.Build.0 = Debug|Any CPU
		{F387F85B-2280-4A8F-A70C-8A3E509C8198}.Release|Any CPU.ActiveCfg = Release|Any CPU
		{F387F85B-2280-4A8F-A70C-8A3E509C8198}.Release|Any CPU.Build.0 = Release|Any CPU
		{26F9B4D9-4731-449A-BC57-8A9685BE6E79}.Debug|Any CPU.ActiveCfg = Debug|Any CPU
		{26F9B4D9-4731-449A-BC57-8A9685BE6E79}.Debug|Any CPU.Build.0 = Debug|Any CPU
		{26F9B4D9-4731-449A-BC57-8A9685BE6E79}.Release|Any CPU.ActiveCfg = Release|Any CPU
		{26F9B4D9-4731-449A-BC57-8A9685BE6E79}.Release|Any CPU.Build.0 = Release|Any CPU
		{5B362541-80B0-48AC-9A2B-862FF04FF29C}.Debug|Any CPU.ActiveCfg = Debug|Any CPU
		{5B362541-80B0-48AC-9A2B-862FF04FF29C}.Debug|Any CPU.Build.0 = Debug|Any CPU
		{5B362541-80B0-48AC-9A2B-862FF04FF29C}.Release|Any CPU.ActiveCfg = Release|Any CPU
		{5B362541-80B0-48AC-9A2B-862FF04FF29C}.Release|Any CPU.Build.0 = Release|Any CPU
		{391E1F2A-CF97-4D51-B2B3-A86CCF21D198}.Debug|Any CPU.ActiveCfg = Debug|Any CPU
		{391E1F2A-CF97-4D51-B2B3-A86CCF21D198}.Debug|Any CPU.Build.0 = Debug|Any CPU
		{391E1F2A-CF97-4D51-B2B3-A86CCF21D198}.Release|Any CPU.ActiveCfg = Release|Any CPU
		{391E1F2A-CF97-4D51-B2B3-A86CCF21D198}.Release|Any CPU.Build.0 = Release|Any CPU
		{EE1B03AF-A6B4-4957-B682-F97110C3BA29}.Debug|Any CPU.ActiveCfg = Debug|Any CPU
		{EE1B03AF-A6B4-4957-B682-F97110C3BA29}.Debug|Any CPU.Build.0 = Debug|Any CPU
		{EE1B03AF-A6B4-4957-B682-F97110C3BA29}.Release|Any CPU.ActiveCfg = Release|Any CPU
		{EE1B03AF-A6B4-4957-B682-F97110C3BA29}.Release|Any CPU.Build.0 = Release|Any CPU
		{61B36584-3EA2-4E8F-A4AE-DC8FED9CACF2}.Debug|Any CPU.ActiveCfg = Debug|Any CPU
		{61B36584-3EA2-4E8F-A4AE-DC8FED9CACF2}.Debug|Any CPU.Build.0 = Debug|Any CPU
		{61B36584-3EA2-4E8F-A4AE-DC8FED9CACF2}.Release|Any CPU.ActiveCfg = Release|Any CPU
		{61B36584-3EA2-4E8F-A4AE-DC8FED9CACF2}.Release|Any CPU.Build.0 = Release|Any CPU
		{837A47BE-FBD7-4202-BD8D-22B1E207AB5B}.Debug|Any CPU.ActiveCfg = Debug|Any CPU
		{837A47BE-FBD7-4202-BD8D-22B1E207AB5B}.Debug|Any CPU.Build.0 = Debug|Any CPU
		{837A47BE-FBD7-4202-BD8D-22B1E207AB5B}.Release|Any CPU.ActiveCfg = Release|Any CPU
		{837A47BE-FBD7-4202-BD8D-22B1E207AB5B}.Release|Any CPU.Build.0 = Release|Any CPU
		{BB0976DE-86EA-4786-BA02-B2693B9F979B}.Debug|Any CPU.ActiveCfg = Debug|Any CPU
		{BB0976DE-86EA-4786-BA02-B2693B9F979B}.Debug|Any CPU.Build.0 = Debug|Any CPU
		{BB0976DE-86EA-4786-BA02-B2693B9F979B}.Release|Any CPU.ActiveCfg = Release|Any CPU
		{BB0976DE-86EA-4786-BA02-B2693B9F979B}.Release|Any CPU.Build.0 = Release|Any CPU
	EndGlobalSection
	GlobalSection(SolutionProperties) = preSolution
		HideSolutionNode = FALSE
	EndGlobalSection
	GlobalSection(NestedProjects) = preSolution
		{61B36584-3EA2-4E8F-A4AE-DC8FED9CACF2} = {55ED7012-C935-4DA8-AA48-0F5F86D05B60}
		{837A47BE-FBD7-4202-BD8D-22B1E207AB5B} = {55ED7012-C935-4DA8-AA48-0F5F86D05B60}
		{BB0976DE-86EA-4786-BA02-B2693B9F979B} = {55ED7012-C935-4DA8-AA48-0F5F86D05B60}
	EndGlobalSection
	GlobalSection(ExtensibilityGlobals) = postSolution
		SolutionGuid = {F0967D76-C083-4B67-A0F1-34D3FF32970B}
	EndGlobalSection
EndGlobal
